// !$*UTF8*$!
{
	archiveVersion = 1;
	classes = {
	};
	objectVersion = 50;
	objects = {

/* Begin PBXBuildFile section */
		58CA96092423A56D00191734 /* AppDelegate.swift in Sources */ = {isa = PBXBuildFile; fileRef = 58CA96082423A56D00191734 /* AppDelegate.swift */; };
		58CA960B2423A56D00191734 /* SceneDelegate.swift in Sources */ = {isa = PBXBuildFile; fileRef = 58CA960A2423A56D00191734 /* SceneDelegate.swift */; };
		58CA960D2423A56D00191734 /* ContentView.swift in Sources */ = {isa = PBXBuildFile; fileRef = 58CA960C2423A56D00191734 /* ContentView.swift */; };
		58CA960F2423A57000191734 /* Assets.xcassets in Resources */ = {isa = PBXBuildFile; fileRef = 58CA960E2423A57000191734 /* Assets.xcassets */; };
		58CA96122423A57000191734 /* Preview Assets.xcassets in Resources */ = {isa = PBXBuildFile; fileRef = 58CA96112423A57000191734 /* Preview Assets.xcassets */; };
		58CA96152423A57000191734 /* LaunchScreen.storyboard in Resources */ = {isa = PBXBuildFile; fileRef = 58CA96132423A57000191734 /* LaunchScreen.storyboard */; };
		58CA96202423A57100191734 /* LlamaFinderTests.swift in Sources */ = {isa = PBXBuildFile; fileRef = 58CA961F2423A57100191734 /* LlamaFinderTests.swift */; };
		58CA962B2423A57100191734 /* LlamaFinderUITests.swift in Sources */ = {isa = PBXBuildFile; fileRef = 58CA962A2423A57100191734 /* LlamaFinderUITests.swift */; };
/* End PBXBuildFile section */

/* Begin PBXContainerItemProxy section */
		58CA961C2423A57100191734 /* PBXContainerItemProxy */ = {
			isa = PBXContainerItemProxy;
			containerPortal = 58CA95FD2423A56D00191734 /* Project object */;
			proxyType = 1;
			remoteGlobalIDString = 58CA96042423A56D00191734;
			remoteInfo = LlamaFinder;
		};
		58CA96272423A57100191734 /* PBXContainerItemProxy */ = {
			isa = PBXContainerItemProxy;
			containerPortal = 58CA95FD2423A56D00191734 /* Project object */;
			proxyType = 1;
			remoteGlobalIDString = 58CA96042423A56D00191734;
			remoteInfo = LlamaFinder;
		};
/* End PBXContainerItemProxy section */

/* Begin PBXFileReference section */
		58CA96052423A56D00191734 /* LlamaFinder.app */ = {isa = PBXFileReference; explicitFileType = wrapper.application; includeInIndex = 0; path = LlamaFinder.app; sourceTree = BUILT_PRODUCTS_DIR; };
		58CA96082423A56D00191734 /* AppDelegate.swift */ = {isa = PBXFileReference; lastKnownFileType = sourcecode.swift; path = AppDelegate.swift; sourceTree = "<group>"; };
		58CA960A2423A56D00191734 /* SceneDelegate.swift */ = {isa = PBXFileReference; lastKnownFileType = sourcecode.swift; path = SceneDelegate.swift; sourceTree = "<group>"; };
		58CA960C2423A56D00191734 /* ContentView.swift */ = {isa = PBXFileReference; lastKnownFileType = sourcecode.swift; path = ContentView.swift; sourceTree = "<group>"; };
		58CA960E2423A57000191734 /* Assets.xcassets */ = {isa = PBXFileReference; lastKnownFileType = folder.assetcatalog; path = Assets.xcassets; sourceTree = "<group>"; };
		58CA96112423A57000191734 /* Preview Assets.xcassets */ = {isa = PBXFileReference; lastKnownFileType = folder.assetcatalog; path = "Preview Assets.xcassets"; sourceTree = "<group>"; };
		58CA96142423A57000191734 /* Base */ = {isa = PBXFileReference; lastKnownFileType = file.storyboard; name = Base; path = Base.lproj/LaunchScreen.storyboard; sourceTree = "<group>"; };
		58CA96162423A57000191734 /* Info.plist */ = {isa = PBXFileReference; lastKnownFileType = text.plist.xml; path = Info.plist; sourceTree = "<group>"; };
		58CA961B2423A57100191734 /* LlamaFinderTests.xctest */ = {isa = PBXFileReference; explicitFileType = wrapper.cfbundle; includeInIndex = 0; path = LlamaFinderTests.xctest; sourceTree = BUILT_PRODUCTS_DIR; };
		58CA961F2423A57100191734 /* LlamaFinderTests.swift */ = {isa = PBXFileReference; lastKnownFileType = sourcecode.swift; path = LlamaFinderTests.swift; sourceTree = "<group>"; };
		58CA96212423A57100191734 /* Info.plist */ = {isa = PBXFileReference; lastKnownFileType = text.plist.xml; path = Info.plist; sourceTree = "<group>"; };
		58CA96262423A57100191734 /* LlamaFinderUITests.xctest */ = {isa = PBXFileReference; explicitFileType = wrapper.cfbundle; includeInIndex = 0; path = LlamaFinderUITests.xctest; sourceTree = BUILT_PRODUCTS_DIR; };
		58CA962A2423A57100191734 /* LlamaFinderUITests.swift */ = {isa = PBXFileReference; lastKnownFileType = sourcecode.swift; path = LlamaFinderUITests.swift; sourceTree = "<group>"; };
		58CA962C2423A57100191734 /* Info.plist */ = {isa = PBXFileReference; lastKnownFileType = text.plist.xml; path = Info.plist; sourceTree = "<group>"; };
/* End PBXFileReference section */

/* Begin PBXFrameworksBuildPhase section */
		58CA96022423A56D00191734 /* Frameworks */ = {
			isa = PBXFrameworksBuildPhase;
			buildActionMask = 2147483647;
			files = (
			);
			runOnlyForDeploymentPostprocessing = 0;
		};
		58CA96182423A57100191734 /* Frameworks */ = {
			isa = PBXFrameworksBuildPhase;
			buildActionMask = 2147483647;
			files = (
			);
			runOnlyForDeploymentPostprocessing = 0;
		};
		58CA96232423A57100191734 /* Frameworks */ = {
			isa = PBXFrameworksBuildPhase;
			buildActionMask = 2147483647;
			files = (
			);
			runOnlyForDeploymentPostprocessing = 0;
		};
/* End PBXFrameworksBuildPhase section */

/* Begin PBXGroup section */
		58CA95FC2423A56D00191734 = {
			isa = PBXGroup;
			children = (
				58CA96072423A56D00191734 /* LlamaFinder */,
				58CA961E2423A57100191734 /* LlamaFinderTests */,
				58CA96292423A57100191734 /* LlamaFinderUITests */,
				58CA96062423A56D00191734 /* Products */,
			);
			sourceTree = "<group>";
		};
		58CA96062423A56D00191734 /* Products */ = {
			isa = PBXGroup;
			children = (
				58CA96052423A56D00191734 /* LlamaFinder.app */,
				58CA961B2423A57100191734 /* LlamaFinderTests.xctest */,
				58CA96262423A57100191734 /* LlamaFinderUITests.xctest */,
			);
			name = Products;
			sourceTree = "<group>";
		};
		58CA96072423A56D00191734 /* LlamaFinder */ = {
			isa = PBXGroup;
			children = (
				58CA96082423A56D00191734 /* AppDelegate.swift */,
				58CA960A2423A56D00191734 /* SceneDelegate.swift */,
				58CA960C2423A56D00191734 /* ContentView.swift */,
				58CA960E2423A57000191734 /* Assets.xcassets */,
				58CA96132423A57000191734 /* LaunchScreen.storyboard */,
				58CA96162423A57000191734 /* Info.plist */,
				58CA96102423A57000191734 /* Preview Content */,
			);
			path = LlamaFinder;
			sourceTree = "<group>";
		};
		58CA96102423A57000191734 /* Preview Content */ = {
			isa = PBXGroup;
			children = (
				58CA96112423A57000191734 /* Preview Assets.xcassets */,
			);
			path = "Preview Content";
			sourceTree = "<group>";
		};
		58CA961E2423A57100191734 /* LlamaFinderTests */ = {
			isa = PBXGroup;
			children = (
				58CA961F2423A57100191734 /* LlamaFinderTests.swift */,
				58CA96212423A57100191734 /* Info.plist */,
			);
			path = LlamaFinderTests;
			sourceTree = "<group>";
		};
		58CA96292423A57100191734 /* LlamaFinderUITests */ = {
			isa = PBXGroup;
			children = (
				58CA962A2423A57100191734 /* LlamaFinderUITests.swift */,
				58CA962C2423A57100191734 /* Info.plist */,
			);
			path = LlamaFinderUITests;
			sourceTree = "<group>";
		};
/* End PBXGroup section */

/* Begin PBXNativeTarget section */
		58CA96042423A56D00191734 /* LlamaFinder */ = {
			isa = PBXNativeTarget;
			buildConfigurationList = 58CA962F2423A57100191734 /* Build configuration list for PBXNativeTarget "LlamaFinder" */;
			buildPhases = (
				58CA96012423A56D00191734 /* Sources */,
				58CA96022423A56D00191734 /* Frameworks */,
				58CA96032423A56D00191734 /* Resources */,
			);
			buildRules = (
			);
			dependencies = (
			);
			name = LlamaFinder;
			productName = LlamaFinder;
			productReference = 58CA96052423A56D00191734 /* LlamaFinder.app */;
			productType = "com.apple.product-type.application";
		};
		58CA961A2423A57100191734 /* LlamaFinderTests */ = {
			isa = PBXNativeTarget;
			buildConfigurationList = 58CA96322423A57100191734 /* Build configuration list for PBXNativeTarget "LlamaFinderTests" */;
			buildPhases = (
				58CA96172423A57100191734 /* Sources */,
				58CA96182423A57100191734 /* Frameworks */,
				58CA96192423A57100191734 /* Resources */,
			);
			buildRules = (
			);
			dependencies = (
				58CA961D2423A57100191734 /* PBXTargetDependency */,
			);
			name = LlamaFinderTests;
			productName = LlamaFinderTests;
			productReference = 58CA961B2423A57100191734 /* LlamaFinderTests.xctest */;
			productType = "com.apple.product-type.bundle.unit-test";
		};
		58CA96252423A57100191734 /* LlamaFinderUITests */ = {
			isa = PBXNativeTarget;
			buildConfigurationList = 58CA96352423A57100191734 /* Build configuration list for PBXNativeTarget "LlamaFinderUITests" */;
			buildPhases = (
				58CA96222423A57100191734 /* Sources */,
				58CA96232423A57100191734 /* Frameworks */,
				58CA96242423A57100191734 /* Resources */,
			);
			buildRules = (
			);
			dependencies = (
				58CA96282423A57100191734 /* PBXTargetDependency */,
			);
			name = LlamaFinderUITests;
			productName = LlamaFinderUITests;
			productReference = 58CA96262423A57100191734 /* LlamaFinderUITests.xctest */;
			productType = "com.apple.product-type.bundle.ui-testing";
		};
/* End PBXNativeTarget section */

/* Begin PBXProject section */
		58CA95FD2423A56D00191734 /* Project object */ = {
			isa = PBXProject;
			attributes = {
				LastSwiftUpdateCheck = 1130;
				LastUpgradeCheck = 1130;
				ORGANIZATIONNAME = "Llamas Inc";
				TargetAttributes = {
					58CA96042423A56D00191734 = {
						CreatedOnToolsVersion = 11.3.1;
					};
					58CA961A2423A57100191734 = {
						CreatedOnToolsVersion = 11.3.1;
						TestTargetID = 58CA96042423A56D00191734;
					};
					58CA96252423A57100191734 = {
						CreatedOnToolsVersion = 11.3.1;
						TestTargetID = 58CA96042423A56D00191734;
					};
				};
			};
			buildConfigurationList = 58CA96002423A56D00191734 /* Build configuration list for PBXProject "LlamaFinder" */;
			compatibilityVersion = "Xcode 9.3";
			developmentRegion = en;
			hasScannedForEncodings = 0;
			knownRegions = (
				en,
				Base,
			);
			mainGroup = 58CA95FC2423A56D00191734;
			productRefGroup = 58CA96062423A56D00191734 /* Products */;
			projectDirPath = "";
			projectRoot = "";
			targets = (
				58CA96042423A56D00191734 /* LlamaFinder */,
				58CA961A2423A57100191734 /* LlamaFinderTests */,
				58CA96252423A57100191734 /* LlamaFinderUITests */,
			);
		};
/* End PBXProject section */

/* Begin PBXResourcesBuildPhase section */
		58CA96032423A56D00191734 /* Resources */ = {
			isa = PBXResourcesBuildPhase;
			buildActionMask = 2147483647;
			files = (
				58CA96152423A57000191734 /* LaunchScreen.storyboard in Resources */,
				58CA96122423A57000191734 /* Preview Assets.xcassets in Resources */,
				58CA960F2423A57000191734 /* Assets.xcassets in Resources */,
			);
			runOnlyForDeploymentPostprocessing = 0;
		};
		58CA96192423A57100191734 /* Resources */ = {
			isa = PBXResourcesBuildPhase;
			buildActionMask = 2147483647;
			files = (
			);
			runOnlyForDeploymentPostprocessing = 0;
		};
		58CA96242423A57100191734 /* Resources */ = {
			isa = PBXResourcesBuildPhase;
			buildActionMask = 2147483647;
			files = (
			);
			runOnlyForDeploymentPostprocessing = 0;
		};
/* End PBXResourcesBuildPhase section */

/* Begin PBXSourcesBuildPhase section */
		58CA96012423A56D00191734 /* Sources */ = {
			isa = PBXSourcesBuildPhase;
			buildActionMask = 2147483647;
			files = (
				58CA96092423A56D00191734 /* AppDelegate.swift in Sources */,
				58CA960B2423A56D00191734 /* SceneDelegate.swift in Sources */,
				58CA960D2423A56D00191734 /* ContentView.swift in Sources */,
			);
			runOnlyForDeploymentPostprocessing = 0;
		};
		58CA96172423A57100191734 /* Sources */ = {
			isa = PBXSourcesBuildPhase;
			buildActionMask = 2147483647;
			files = (
				58CA96202423A57100191734 /* LlamaFinderTests.swift in Sources */,
			);
			runOnlyForDeploymentPostprocessing = 0;
		};
		58CA96222423A57100191734 /* Sources */ = {
			isa = PBXSourcesBuildPhase;
			buildActionMask = 2147483647;
			files = (
				58CA962B2423A57100191734 /* LlamaFinderUITests.swift in Sources */,
			);
			runOnlyForDeploymentPostprocessing = 0;
		};
/* End PBXSourcesBuildPhase section */

/* Begin PBXTargetDependency section */
		58CA961D2423A57100191734 /* PBXTargetDependency */ = {
			isa = PBXTargetDependency;
			target = 58CA96042423A56D00191734 /* LlamaFinder */;
			targetProxy = 58CA961C2423A57100191734 /* PBXContainerItemProxy */;
		};
		58CA96282423A57100191734 /* PBXTargetDependency */ = {
			isa = PBXTargetDependency;
			target = 58CA96042423A56D00191734 /* LlamaFinder */;
			targetProxy = 58CA96272423A57100191734 /* PBXContainerItemProxy */;
		};
/* End PBXTargetDependency section */

/* Begin PBXVariantGroup section */
		58CA96132423A57000191734 /* LaunchScreen.storyboard */ = {
			isa = PBXVariantGroup;
			children = (
				58CA96142423A57000191734 /* Base */,
			);
			name = LaunchScreen.storyboard;
			sourceTree = "<group>";
		};
/* End PBXVariantGroup section */

/* Begin XCBuildConfiguration section */
		58CA962D2423A57100191734 /* Debug */ = {
			isa = XCBuildConfiguration;
			buildSettings = {
				ALWAYS_SEARCH_USER_PATHS = NO;
				CLANG_ANALYZER_NONNULL = YES;
				CLANG_ANALYZER_NUMBER_OBJECT_CONVERSION = YES_AGGRESSIVE;
				CLANG_CXX_LANGUAGE_STANDARD = "gnu++14";
				CLANG_CXX_LIBRARY = "libc++";
				CLANG_ENABLE_MODULES = YES;
				CLANG_ENABLE_OBJC_ARC = YES;
				CLANG_ENABLE_OBJC_WEAK = YES;
				CLANG_WARN_BLOCK_CAPTURE_AUTORELEASING = YES;
				CLANG_WARN_BOOL_CONVERSION = YES;
				CLANG_WARN_COMMA = YES;
				CLANG_WARN_CONSTANT_CONVERSION = YES;
				CLANG_WARN_DEPRECATED_OBJC_IMPLEMENTATIONS = YES;
				CLANG_WARN_DIRECT_OBJC_ISA_USAGE = YES_ERROR;
				CLANG_WARN_DOCUMENTATION_COMMENTS = YES;
				CLANG_WARN_EMPTY_BODY = YES;
				CLANG_WARN_ENUM_CONVERSION = YES;
				CLANG_WARN_INFINITE_RECURSION = YES;
				CLANG_WARN_INT_CONVERSION = YES;
				CLANG_WARN_NON_LITERAL_NULL_CONVERSION = YES;
				CLANG_WARN_OBJC_IMPLICIT_RETAIN_SELF = YES;
				CLANG_WARN_OBJC_LITERAL_CONVERSION = YES;
				CLANG_WARN_OBJC_ROOT_CLASS = YES_ERROR;
				CLANG_WARN_RANGE_LOOP_ANALYSIS = YES;
				CLANG_WARN_STRICT_PROTOTYPES = YES;
				CLANG_WARN_SUSPICIOUS_MOVE = YES;
				CLANG_WARN_UNGUARDED_AVAILABILITY = YES_AGGRESSIVE;
				CLANG_WARN_UNREACHABLE_CODE = YES;
				CLANG_WARN__DUPLICATE_METHOD_MATCH = YES;
				COPY_PHASE_STRIP = NO;
				DEBUG_INFORMATION_FORMAT = dwarf;
				ENABLE_STRICT_OBJC_MSGSEND = YES;
				ENABLE_TESTABILITY = YES;
				GCC_C_LANGUAGE_STANDARD = gnu11;
				GCC_DYNAMIC_NO_PIC = NO;
				GCC_NO_COMMON_BLOCKS = YES;
				GCC_OPTIMIZATION_LEVEL = 0;
				GCC_PREPROCESSOR_DEFINITIONS = (
					"DEBUG=1",
					"$(inherited)",
				);
				GCC_WARN_64_TO_32_BIT_CONVERSION = YES;
				GCC_WARN_ABOUT_RETURN_TYPE = YES_ERROR;
				GCC_WARN_UNDECLARED_SELECTOR = YES;
				GCC_WARN_UNINITIALIZED_AUTOS = YES_AGGRESSIVE;
				GCC_WARN_UNUSED_FUNCTION = YES;
				GCC_WARN_UNUSED_VARIABLE = YES;
				IPHONEOS_DEPLOYMENT_TARGET = 13.2;
				MTL_ENABLE_DEBUG_INFO = INCLUDE_SOURCE;
				MTL_FAST_MATH = YES;
				ONLY_ACTIVE_ARCH = YES;
				SDKROOT = iphoneos;
				SWIFT_ACTIVE_COMPILATION_CONDITIONS = DEBUG;
				SWIFT_OPTIMIZATION_LEVEL = "-Onone";
			};
			name = Debug;
		};
		58CA962E2423A57100191734 /* Release */ = {
			isa = XCBuildConfiguration;
			buildSettings = {
				ALWAYS_SEARCH_USER_PATHS = NO;
				CLANG_ANALYZER_NONNULL = YES;
				CLANG_ANALYZER_NUMBER_OBJECT_CONVERSION = YES_AGGRESSIVE;
				CLANG_CXX_LANGUAGE_STANDARD = "gnu++14";
				CLANG_CXX_LIBRARY = "libc++";
				CLANG_ENABLE_MODULES = YES;
				CLANG_ENABLE_OBJC_ARC = YES;
				CLANG_ENABLE_OBJC_WEAK = YES;
				CLANG_WARN_BLOCK_CAPTURE_AUTORELEASING = YES;
				CLANG_WARN_BOOL_CONVERSION = YES;
				CLANG_WARN_COMMA = YES;
				CLANG_WARN_CONSTANT_CONVERSION = YES;
				CLANG_WARN_DEPRECATED_OBJC_IMPLEMENTATIONS = YES;
				CLANG_WARN_DIRECT_OBJC_ISA_USAGE = YES_ERROR;
				CLANG_WARN_DOCUMENTATION_COMMENTS = YES;
				CLANG_WARN_EMPTY_BODY = YES;
				CLANG_WARN_ENUM_CONVERSION = YES;
				CLANG_WARN_INFINITE_RECURSION = YES;
				CLANG_WARN_INT_CONVERSION = YES;
				CLANG_WARN_NON_LITERAL_NULL_CONVERSION = YES;
				CLANG_WARN_OBJC_IMPLICIT_RETAIN_SELF = YES;
				CLANG_WARN_OBJC_LITERAL_CONVERSION = YES;
				CLANG_WARN_OBJC_ROOT_CLASS = YES_ERROR;
				CLANG_WARN_RANGE_LOOP_ANALYSIS = YES;
				CLANG_WARN_STRICT_PROTOTYPES = YES;
				CLANG_WARN_SUSPICIOUS_MOVE = YES;
				CLANG_WARN_UNGUARDED_AVAILABILITY = YES_AGGRESSIVE;
				CLANG_WARN_UNREACHABLE_CODE = YES;
				CLANG_WARN__DUPLICATE_METHOD_MATCH = YES;
				COPY_PHASE_STRIP = NO;
				DEBUG_INFORMATION_FORMAT = "dwarf-with-dsym";
				ENABLE_NS_ASSERTIONS = NO;
				ENABLE_STRICT_OBJC_MSGSEND = YES;
				GCC_C_LANGUAGE_STANDARD = gnu11;
				GCC_NO_COMMON_BLOCKS = YES;
				GCC_WARN_64_TO_32_BIT_CONVERSION = YES;
				GCC_WARN_ABOUT_RETURN_TYPE = YES_ERROR;
				GCC_WARN_UNDECLARED_SELECTOR = YES;
				GCC_WARN_UNINITIALIZED_AUTOS = YES_AGGRESSIVE;
				GCC_WARN_UNUSED_FUNCTION = YES;
				GCC_WARN_UNUSED_VARIABLE = YES;
				IPHONEOS_DEPLOYMENT_TARGET = 13.2;
				MTL_ENABLE_DEBUG_INFO = NO;
				MTL_FAST_MATH = YES;
				SDKROOT = iphoneos;
				SWIFT_COMPILATION_MODE = wholemodule;
				SWIFT_OPTIMIZATION_LEVEL = "-O";
				VALIDATE_PRODUCT = YES;
			};
			name = Release;
		};
		58CA96302423A57100191734 /* Debug */ = {
			isa = XCBuildConfiguration;
			buildSettings = {
				ASSETCATALOG_COMPILER_APPICON_NAME = AppIcon;
				CODE_SIGN_STYLE = Automatic;
				DEVELOPMENT_ASSET_PATHS = "\"LlamaFinder/Preview Content\"";
				DEVELOPMENT_TEAM = 4U7FD3V45R;
				ENABLE_PREVIEWS = YES;
				INFOPLIST_FILE = LlamaFinder/Info.plist;
				LD_RUNPATH_SEARCH_PATHS = (
					"$(inherited)",
					"@executable_path/Frameworks",
				);
				PRODUCT_BUNDLE_IDENTIFIER = net.mcmains.LlamaFinder;
				PRODUCT_NAME = "$(TARGET_NAME)";
				SWIFT_VERSION = 5.0;
				TARGETED_DEVICE_FAMILY = "1,2";
			};
			name = Debug;
		};
		58CA96312423A57100191734 /* Release */ = {
			isa = XCBuildConfiguration;
			buildSettings = {
				ASSETCATALOG_COMPILER_APPICON_NAME = AppIcon;
				CODE_SIGN_STYLE = Automatic;
				DEVELOPMENT_ASSET_PATHS = "\"LlamaFinder/Preview Content\"";
				DEVELOPMENT_TEAM = 4U7FD3V45R;
				ENABLE_PREVIEWS = YES;
				INFOPLIST_FILE = LlamaFinder/Info.plist;
				LD_RUNPATH_SEARCH_PATHS = (
					"$(inherited)",
					"@executable_path/Frameworks",
				);
				PRODUCT_BUNDLE_IDENTIFIER = net.mcmains.LlamaFinder;
				PRODUCT_NAME = "$(TARGET_NAME)";
				SWIFT_VERSION = 5.0;
				TARGETED_DEVICE_FAMILY = "1,2";
			};
			name = Release;
		};
		58CA96332423A57100191734 /* Debug */ = {
			isa = XCBuildConfiguration;
			buildSettings = {
				ALWAYS_EMBED_SWIFT_STANDARD_LIBRARIES = YES;
				BUNDLE_LOADER = "$(TEST_HOST)";
				CODE_SIGN_STYLE = Automatic;
				DEVELOPMENT_TEAM = 4U7FD3V45R;
				INFOPLIST_FILE = LlamaFinderTests/Info.plist;
				IPHONEOS_DEPLOYMENT_TARGET = 13.2;
				LD_RUNPATH_SEARCH_PATHS = (
					"$(inherited)",
					"@executable_path/Frameworks",
					"@loader_path/Frameworks",
				);
				PRODUCT_BUNDLE_IDENTIFIER = net.mcmains.LlamaFinderTests;
				PRODUCT_NAME = "$(TARGET_NAME)";
				SWIFT_VERSION = 5.0;
				TARGETED_DEVICE_FAMILY = "1,2";
				TEST_HOST = "$(BUILT_PRODUCTS_DIR)/LlamaFinder.app/LlamaFinder";
			};
			name = Debug;
		};
		58CA96342423A57100191734 /* Release */ = {
			isa = XCBuildConfiguration;
			buildSettings = {
				ALWAYS_EMBED_SWIFT_STANDARD_LIBRARIES = YES;
				BUNDLE_LOADER = "$(TEST_HOST)";
				CODE_SIGN_STYLE = Automatic;
				DEVELOPMENT_TEAM = 4U7FD3V45R;
				INFOPLIST_FILE = LlamaFinderTests/Info.plist;
				IPHONEOS_DEPLOYMENT_TARGET = 13.2;
				LD_RUNPATH_SEARCH_PATHS = (
					"$(inherited)",
					"@executable_path/Frameworks",
					"@loader_path/Frameworks",
				);
				PRODUCT_BUNDLE_IDENTIFIER = net.mcmains.LlamaFinderTests;
				PRODUCT_NAME = "$(TARGET_NAME)";
				SWIFT_VERSION = 5.0;
				TARGETED_DEVICE_FAMILY = "1,2";
				TEST_HOST = "$(BUILT_PRODUCTS_DIR)/LlamaFinder.app/LlamaFinder";
			};
			name = Release;
		};
		58CA96362423A57100191734 /* Debug */ = {
			isa = XCBuildConfiguration;
			buildSettings = {
				ALWAYS_EMBED_SWIFT_STANDARD_LIBRARIES = YES;
				CODE_SIGN_STYLE = Automatic;
				DEVELOPMENT_TEAM = 4U7FD3V45R;
				INFOPLIST_FILE = LlamaFinderUITests/Info.plist;
				LD_RUNPATH_SEARCH_PATHS = (
					"$(inherited)",
					"@executable_path/Frameworks",
					"@loader_path/Frameworks",
				);
				PRODUCT_BUNDLE_IDENTIFIER = net.mcmains.LlamaFinderUITests;
				PRODUCT_NAME = "$(TARGET_NAME)";
				SWIFT_VERSION = 5.0;
				TARGETED_DEVICE_FAMILY = "1,2";
				TEST_TARGET_NAME = LlamaFinder;
			};
			name = Debug;
		};
		58CA96372423A57100191734 /* Release */ = {
			isa = XCBuildConfiguration;
			buildSettings = {
				ALWAYS_EMBED_SWIFT_STANDARD_LIBRARIES = YES;
				CODE_SIGN_STYLE = Automatic;
				DEVELOPMENT_TEAM = 4U7FD3V45R;
				INFOPLIST_FILE = LlamaFinderUITests/Info.plist;
				LD_RUNPATH_SEARCH_PATHS = (
					"$(inherited)",
					"@executable_path/Frameworks",
					"@loader_path/Frameworks",
				);
				PRODUCT_BUNDLE_IDENTIFIER = net.mcmains.LlamaFinderUITests;
				PRODUCT_NAME = "$(TARGET_NAME)";
				SWIFT_VERSION = 5.0;
				TARGETED_DEVICE_FAMILY = "1,2";
				TEST_TARGET_NAME = LlamaFinder;
			};
			name = Release;
		};
/* End XCBuildConfiguration section */

/* Begin XCConfigurationList section */
		58CA96002423A56D00191734 /* Build configuration list for PBXProject "LlamaFinder" */ = {
			isa = XCConfigurationList;
			buildConfigurations = (
				58CA962D2423A57100191734 /* Debug */,
				58CA962E2423A57100191734 /* Release */,
			);
			defaultConfigurationIsVisible = 0;
			defaultConfigurationName = Release;
		};
		58CA962F2423A57100191734 /* Build configuration list for PBXNativeTarget "LlamaFinder" */ = {
			isa = XCConfigurationList;
			buildConfigurations = (
				58CA96302423A57100191734 /* Debug */,
				58CA96312423A57100191734 /* Release */,
			);
			defaultConfigurationIsVisible = 0;
			defaultConfigurationName = Release;
		};
		58CA96322423A57100191734 /* Build configuration list for PBXNativeTarget "LlamaFinderTests" */ = {
			isa = XCConfigurationList;
			buildConfigurations = (
				58CA96332423A57100191734 /* Debug */,
				58CA96342423A57100191734 /* Release */,
			);
			defaultConfigurationIsVisible = 0;
			defaultConfigurationName = Release;
		};
		58CA96352423A57100191734 /* Build configuration list for PBXNativeTarget "LlamaFinderUITests" */ = {
			isa = XCConfigurationList;
			buildConfigurations = (
				58CA96362423A57100191734 /* Debug */,
				58CA96372423A57100191734 /* Release */,
			);
			defaultConfigurationIsVisible = 0;
			defaultConfigurationName = Release;
		};
/* End XCConfigurationList section */
	};
	rootObject = 58CA95FD2423A56D00191734 /* Project object */;
}
